
Microsoft Visual Studio Solution File, Format Version 12.00
# Visual Studio 15
VisualStudioVersion = 15.0.28307.1300
MinimumVisualStudioVersion = 10.0.40219.1
Project("{FAE04EC0-301F-11D3-BF4B-00C04F79EFBC}") = "RabbitMQReceiverExample", "RabbitMQReceiverExample\RabbitMQReceiverExample.csproj", "{A1C0D8FC-82C3-4D28-ABB3-E03465C45F74}"
EndProject
Global
	GlobalSection(SolutionConfigurationPlatforms) = preSolution
		Debug|Any CPU = Debug|Any CPU
		Release|Any CPU = Release|Any CPU
	EndGlobalSection
	GlobalSection(ProjectConfigurationPlatforms) = postSolution
		{A1C0D8FC-82C3-4D28-ABB3-E03465C45F74}.Debug|Any CPU.ActiveCfg = Debug|Any CPU
		{A1C0D8FC-82C3-4D28-ABB3-E03465C45F74}.Debug|Any CPU.Build.0 = Debug|Any CPU
		{A1C0D8FC-82C3-4D28-ABB3-E03465C45F74}.Release|Any CPU.ActiveCfg = Release|Any CPU
		{A1C0D8FC-82C3-4D28-ABB3-E03465C45F74}.Release|Any CPU.Build.0 = Release|Any CPU
	EndGlobalSection
	GlobalSection(SolutionProperties) = preSolution
		HideSolutionNode = FALSE
	EndGlobalSection
	GlobalSection(ExtensibilityGlobals) = postSolution
		SolutionGuid = {3818C0ED-6FE1-429C-A534-D9BF8149B0B7}
	EndGlobalSection
EndGlobal
